<?xml version="1.0" encoding="utf-8"?>
<Project ToolsVersion="12.0" xmlns="http://schemas.microsoft.com/developer/msbuild/2003">
  <ItemGroup>
    <Filter Include="src">
      <UniqueIdentifier>{0298E8A4-EE13-2944-F4BD-1E3708929897}</UniqueIdentifier>
    </Filter>
    <Filter Include="src\core">
      <UniqueIdentifier>{F3E47201-63CA-0330-8432-0743EDA2F2DE}</UniqueIdentifier>
    </Filter>
    <Filter Include="juce">
      <UniqueIdentifier>{661a126b-0bf4-49fc-823e-bc310c8f12ed}</UniqueIdentifier>
    </Filter>
    <Filter Include="src\gui">
      <UniqueIdentifier>{b088e817-72ad-4b4b-9775-24d626c027ec}</UniqueIdentifier>
    </Filter>
    <Filter Include="src\app">
      <UniqueIdentifier>{f644fdcd-bb51-4c59-b351-3a3284139438}</UniqueIdentifier>
    </Filter>
    <Filter Include="src\modules">
      <UniqueIdentifier>{66c8e72e-8410-463e-b3f0-7c128b987793}</UniqueIdentifier>
    </Filter>
  </ItemGroup>
  <ItemGroup>
    <ClInclude Include="..\..\juce\JuceHeader.h">
      <Filter>juce</Filter>
    </ClInclude>
    <ClInclude Include="..\..\src\core\GlobalHeader.h">
      <Filter>src\core</Filter>
    </ClInclude>
    <ClInclude Include="..\..\src\gui\AudioEditor.h">
      <Filter>src\gui</Filter>
    </ClInclude>
    <ClInclude Include="..\..\src\app\Application.h">
      <Filter>src\app</Filter>
    </ClInclude>
    <ClInclude Include="..\..\src\app\AppWindow.h">
      <Filter>src\app</Filter>
    </ClInclude>
    <ClInclude Include="..\..\src\core\ParameterShaper.h">
      <Filter>src\core</Filter>
    </ClInclude>
    <ClInclude Include="..\..\src\core\Module.h">
      <Filter>src\core</Filter>
    </ClInclude>
    <ClInclude Include="..\..\src\modules\Delay.h">
      <Filter>src\modules</Filter>
    </ClInclude>
    <ClInclude Include="..\..\src\modules\Envelopes.h">
      <Filter>src\modules</Filter>
    </ClInclude>
    <ClInclude Include="..\..\src\modules\MidiModules.h">
      <Filter>src\modules</Filter>
    </ClInclude>
    <ClInclude Include="..\..\src\core\Bank.h">
      <Filter>src\core</Filter>
    </ClInclude>
    <ClInclude Include="..\..\src\core\BankSerializer.h">
      <Filter>src\core</Filter>
    </ClInclude>
    <ClInclude Include="..\..\src\app\AudioEngine.h">
      <Filter>src\app</Filter>
    </ClInclude>
    <ClInclude Include="..\..\src\core\Instrument.h">
      <Filter>src\core</Filter>
    </ClInclude>
    <ClInclude Include="..\..\src\core\Polyphony.h">
      <Filter>src\core</Filter>
    </ClInclude>
    <ClInclude Include="..\..\src\core\Sink.h">
      <Filter>src\core</Filter>
    </ClInclude>
    <ClInclude Include="..\..\src\core\Voice.h">
      <Filter>src\core</Filter>
    </ClInclude>
    <ClInclude Include="..\..\src\core\Settings.h">
      <Filter>src\core</Filter>
    </ClInclude>
    <ClInclude Include="..\..\src\core\Processor.h">
      <Filter>src\core</Filter>
    </ClInclude>
    <ClInclude Include="..\..\src\gui\Resources.h">
      <Filter>src\gui</Filter>
    </ClInclude>
    <ClInclude Include="..\..\src\gui\CommandTarget.h">
      <Filter>src\gui</Filter>
    </ClInclude>
    <ClInclude Include="..\..\src\gui\EditorPanel.h">
      <Filter>src\gui</Filter>
    </ClInclude>
    <ClInclude Include="..\..\src\gui\BrowserPanel.h">
      <Filter>src\gui</Filter>
    </ClInclude>
    <ClInclude Include="..\..\src\gui\Style.h">
      <Filter>src\gui</Filter>
    </ClInclude>
    <ClInclude Include="..\..\src\gui\TableComponent.h">
      <Filter>src\gui</Filter>
    </ClInclude>
    <ClInclude Include="..\..\src\gui\TabComponent.h">
      <Filter>src\gui</Filter>
    </ClInclude>
    <ClInclude Include="..\..\src\gui\SetupPanel.h">
      <Filter>src\gui</Filter>
    </ClInclude>
    <ClInclude Include="..\..\src\gui\PreferencesPanel.h">
      <Filter>src\gui</Filter>
    </ClInclude>
    <ClInclude Include="..\..\src\core\CpuMeter.h">
      <Filter>src\core</Filter>
    </ClInclude>
    <ClInclude Include="..\..\src\gui\EditableTableCell.h">
      <Filter>src\gui</Filter>
    </ClInclude>
    <ClInclude Include="..\..\src\gui\PortComponent.h">
      <Filter>src\gui</Filter>
    </ClInclude>
    <ClInclude Include="..\..\src\gui\ModuleComponent.h">
      <Filter>src\gui</Filter>
    </ClInclude>
    <ClInclude Include="..\..\src\core\Link.h">
      <Filter>src\core</Filter>
    </ClInclude>
    <ClInclude Include="..\..\src\core\Parameter.h">
      <Filter>src\core</Filter>
    </ClInclude>
    <ClInclude Include="..\..\src\core\Port.h">
      <Filter>src\core</Filter>
    </ClInclude>
    <ClInclude Include="..\..\src\modules\ModuleFactory.h">
      <Filter>src\modules</Filter>
    </ClInclude>
    <ClInclude Include="..\..\src\gui\MonitorComponent.h">
      <Filter>src\gui</Filter>
    </ClInclude>
    <ClInclude Include="..\..\src\core\MonitorUpdater.h">
      <Filter>src\core</Filter>
    </ClInclude>
    <ClInclude Include="..\..\src\gui\ParameterPanel.h">
      <Filter>src\gui</Filter>
    </ClInclude>
    <ClInclude Include="..\..\src\gui\ModulePanel.h">
      <Filter>src\gui</Filter>
    </ClInclude>
    <ClInclude Include="..\..\src\gui\Wires.h">
      <Filter>src\gui</Filter>
    </ClInclude>
    <ClInclude Include="..\..\src\gui\ModuleSelection.h">
      <Filter>src\gui</Filter>
    </ClInclude>
    <ClInclude Include="..\..\src\modules\AudioOutTerminal.h">
      <Filter>src\modules</Filter>
    </ClInclude>
    <ClInclude Include="..\..\src\modules\SineOscillator.h">
      <Filter>src\modules</Filter>
    </ClInclude>
    <ClInclude Include="..\..\src\gui\InstrumentBrowser.h">
      <Filter>src\gui</Filter>
    </ClInclude>
  </ItemGroup>
  <ItemGroup>
    <ClCompile Include="..\..\src\gui\AudioEditor.cpp">
      <Filter>src\gui</Filter>
    </ClCompile>
    <ClCompile Include="..\..\src\app\Application.cpp">
      <Filter>src\app</Filter>
    </ClCompile>
    <ClCompile Include="..\..\..\..\Lib\juce\modules\juce_audio_plugin_client\VST\juce_VST_Wrapper.cpp">
      <Filter>juce</Filter>
    </ClCompile>
    <ClCompile Include="..\..\src\core\ParameterShaper.cpp">
      <Filter>src\core</Filter>
    </ClCompile>
    <ClCompile Include="..\..\src\core\Module.cpp">
      <Filter>src\core</Filter>
    </ClCompile>
    <ClCompile Include="..\..\src\core\Bank.cpp">
      <Filter>src\core</Filter>
    </ClCompile>
    <ClCompile Include="..\..\src\core\BankSerializer.cpp">
      <Filter>src\core</Filter>
    </ClCompile>
    <ClCompile Include="..\..\src\app\AppWindow.cpp">
      <Filter>src\app</Filter>
    </ClCompile>
    <ClCompile Include="..\..\src\app\AudioEngine.cpp">
      <Filter>src\app</Filter>
    </ClCompile>
    <ClCompile Include="..\..\src\core\Instrument.cpp">
      <Filter>src\core</Filter>
    </ClCompile>
    <ClCompile Include="..\..\src\core\Polyphony.cpp">
      <Filter>src\core</Filter>
    </ClCompile>
    <ClCompile Include="..\..\src\modules\Delay.cpp">
      <Filter>src\modules</Filter>
    </ClCompile>
    <ClCompile Include="..\..\src\modules\Envelopes.cpp">
      <Filter>src\modules</Filter>
    </ClCompile>
    <ClCompile Include="..\..\src\modules\MidiModules.cpp">
      <Filter>src\modules</Filter>
    </ClCompile>
    <ClCompile Include="..\..\src\core\Sink.cpp">
      <Filter>src\core</Filter>
    </ClCompile>
    <ClCompile Include="..\..\src\core\Voice.cpp">
      <Filter>src\core</Filter>
    </ClCompile>
    <ClCompile Include="..\..\src\core\Settings.cpp">
      <Filter>src\core</Filter>
    </ClCompile>
    <ClCompile Include="..\..\src\core\Processor.cpp">
      <Filter>src\core</Filter>
    </ClCompile>
    <ClCompile Include="..\..\src\gui\Resources.cpp">
      <Filter>src\gui</Filter>
    </ClCompile>
    <ClCompile Include="..\..\src\gui\CommandTarget.cpp">
      <Filter>src\gui</Filter>
    </ClCompile>
    <ClCompile Include="..\..\src\gui\EditorPanel.cpp">
      <Filter>src\gui</Filter>
    </ClCompile>
    <ClCompile Include="..\..\src\gui\BrowserPanel.cpp">
      <Filter>src\gui</Filter>
    </ClCompile>
    <ClCompile Include="..\..\src\gui\Style.cpp">
      <Filter>src\gui</Filter>
    </ClCompile>
    <ClCompile Include="..\..\src\gui\TabComponent.cpp">
      <Filter>src\gui</Filter>
    </ClCompile>
    <ClCompile Include="..\..\src\gui\SetupPanel.cpp">
      <Filter>src\gui</Filter>
    </ClCompile>
    <ClCompile Include="..\..\src\gui\PreferencesPanel.cpp">
      <Filter>src\gui</Filter>
    </ClCompile>
    <ClCompile Include="..\..\src\core\CpuMeter.cpp">
      <Filter>src\core</Filter>
    </ClCompile>
    <ClCompile Include="..\..\src\gui\EditableTableCell.cpp">
      <Filter>src\gui</Filter>
    </ClCompile>
    <ClCompile Include="..\..\src\gui\PortComponent.cpp">
      <Filter>src\gui</Filter>
    </ClCompile>
    <ClCompile Include="..\..\src\gui\ModuleComponent.cpp">
      <Filter>src\gui</Filter>
    </ClCompile>
    <ClCompile Include="..\..\src\core\Parameter.cpp">
      <Filter>src\core</Filter>
    </ClCompile>
    <ClCompile Include="..\..\src\core\Port.cpp">
      <Filter>src\core</Filter>
    </ClCompile>
    <ClCompile Include="..\..\src\modules\ModuleFactory.cpp">
      <Filter>src\modules</Filter>
    </ClCompile>
    <ClCompile Include="..\..\src\gui\MonitorComponent.cpp">
      <Filter>src\gui</Filter>
    </ClCompile>
    <ClCompile Include="..\..\src\core\MonitorUpdater.cpp">
      <Filter>src\core</Filter>
    </ClCompile>
    <ClCompile Include="..\..\src\gui\ParameterPanel.cpp">
      <Filter>src\gui</Filter>
    </ClCompile>
    <ClCompile Include="..\..\src\gui\ModulePanel.cpp">
      <Filter>src\gui</Filter>
    </ClCompile>
    <ClCompile Include="..\..\src\gui\Wires.cpp">
      <Filter>src\gui</Filter>
    </ClCompile>
    <ClCompile Include="..\..\src\modules\AudioOutTerminal.cpp">
      <Filter>src\modules</Filter>
    </ClCompile>
    <ClCompile Include="..\..\src\modules\SineOscillator.cpp">
      <Filter>src\modules</Filter>
    </ClCompile>
    <ClCompile Include="..\..\src\gui\InstrumentBrowser.cpp">
      <Filter>src\gui</Filter>
    </ClCompile>
    <ClCompile Include="..\..\src\gui\TableComponent.cpp">
      <Filter>src\gui</Filter>
    </ClCompile>
  </ItemGroup>
</Project>